Microsoft Visual Studio Solution File, Format Version 12.00
# Visual Studio Version 17
VisualStudioVersion = 17.5.2.0
MinimumVisualStudioVersion = 10.0.40219.1
Project("{FAE04EC0-301F-11D3-BF4B-00C04F79EFBC}") = "PaymentWorker", "PaymentWorker\PaymentWorker.csproj", "{2B7AA995-27CE-241A-D82E-A24B9634B113}"
EndProject
Global
	GlobalSection(SolutionConfigurationPlatforms) = preSolution
		Debug|Any CPU = Debug|Any CPU
		Release|Any CPU = Release|Any CPU
	EndGlobalSection
	GlobalSection(ProjectConfigurationPlatforms) = postSolution
		{2B7AA995-27CE-241A-D82E-A24B9634B113}.Debug|Any CPU.ActiveCfg = Debug|Any CPU
		{2B7AA995-27CE-241A-D82E-A24B9634B113}.Debug|Any CPU.Build.0 = Debug|Any CPU
		{2B7AA995-27CE-241A-D82E-A24B9634B113}.Release|Any CPU.ActiveCfg = Release|Any CPU
		{2B7AA995-27CE-241A-D82E-A24B9634B113}.Release|Any CPU.Build.0 = Release|Any CPU
	EndGlobalSection
	GlobalSection(SolutionProperties) = preSolution
		HideSolutionNode = FALSE
	EndGlobalSection
	GlobalSection(ExtensibilityGlobals) = postSolution
		SolutionGuid = {2FAFEF10-9286-48F6-8E78-2C732247EA4B}
	EndGlobalSection
EndGlobal
